github.com/Microsoft/go-winio v0.5.2 h1:a9IhgEQBCUEk6QCdml9CiJGhAws+YwffDHEMp1VMrpA=
github.com/Microsoft/go-winio v0.5.2/go.mod h1:WpS1mjBmmwHBEWmogvA2mj8546UReBk4v8QkMxJ6pZY=
github.com/atotto/clipboard v0.1.4 h1:EH0zSVneZPSuFR11BlR9YppQTVDbh5+16AmcJi4g1z4=
github.com/atotto/clipboard v0.1.4/go.mod h1:ZY9tmq7sm5xIbd9bOK4onWV4S6X0u6GY7Vn0Yu86PYI=
github.com/chzyer/logex v1.1.10/go.mod h1:+Ywpsq7O8HXn0nuIou7OrIPyXbp3wmkHB+jjWRnGsAI=
github.com/chzyer/readline v0.0.0-20180603132655-2972be24d48e/go.mod h1:nSuG5e5PlCu98SY8svDHJxuZscDgtXS6KTTbou5AhLI=
github.com/chzyer/test v0.0.0-20180213035817-a1ea475d72b1/go.mod h1:Q3SI9o4m/ZMnBNeIyt5eFwwo7qiLfzFZmjNmxjkiQlU=
github.com/davecgh/go-spew v1.1.1/go.mod h1:J7Y8YcW2NihsgmVo/mv3lAwl/skON4iLHjSsI+c5H38=
github.com/dustin/go-humanize v1.0.0 h1:VSnTsYCnlFHaM2/igO1h6X3HA71jcobQuxemgkq4zYo=
github.com/dustin/go-humanize v1.0.0/go.mod h1:HtrtbFcZ19U5GC7JDqmcUSB87Iq5E25KnS6fMYU6eOk=
github.com/go-ole/go-ole v1.2.5/go.mod h1:pprOEPIfldk/42T2oK7lQ4v4JSDwmV0As9GaiUsvbm0=
github.com/go-ole/go-ole v1.2.6 h1:/Fpf6oFPoeFik9ty7siob0G6Ke8QvQEuVcuChpwXzpY=
github.com/go-ole/go-ole v1.2.6/go.mod h1:pprOEPIfldk/42T2oK7lQ4v4JSDwmV0As9GaiUsvbm0=
github.com/mattn/go-colorable v0.1.4/go.mod h1:U0ppj6V5qS13XJ6of8GYAs25YV2eR4EVcfRqFIhoBtE=
github.com/mattn/go-colorable v0.1.13 h1:fFA4WZxdEF4tXPZVKMLwD8oUnCTTo08duU7wxecdEvA=
github.com/mattn/go-colorable v0.1.13/go.mod h1:7S9/ev0klgBDR4GtXTXX8a3vIGJpMovkB8vQcUbaXHg=
github.com/mattn/go-isatty v0.0.8/go.mod h1:Iq45c/XA43vh69/j3iqttzPXn0bhXyGjM0Hdxcsrc5s=
github.com/mattn/go-isatty v0.0.10/go.mod h1:qgIWMr58cqv1PHHyhnkY9lrL7etaEgOFcMEpPG5Rm84=
github.com/mattn/go-isatty v0.0.12/go.mod h1:cbi8OIDigv2wuxKPP5vlRcQ1OAZbq2CE4Kysco4FUpU=
github.com/mattn/go-isatty v0.0.16 h1:bq3VjFmv/sOjHtdEhmkEV4x1AJtvUvOJ2PFAZ5+peKQ=
github.com/mattn/go-isatty v0.0.16/go.mod h1:kYGgaQfpe5nmfYZH+SKPsOc2e4SrIfOl2e/yFXSvRLM=
github.com/mattn/go-runewidth v0.0.7/go.mod h1:H031xJmbD/WCDINGzjvQ9THkh0rPKHF+m2gUSrubnMI=
github.com/mattn/go-runewidth v0.0.12/go.mod h1:RAqKPSqVFrSLVXbA8x7dzmKdmGzieGRCM46jaSJTDAk=
github.com/mattn/go-runewidth v0.0.13 h1:lTGmDsbAYt5DmK6OnoV7EuIF1wEIFAcxld6ypU4OSgU=
github.com/mattn/go-runewidth v0.0.13/go.mod h1:Jdepj2loyihRzMpdS35Xk/zdY8IAYHsh153qUoGf23w=
github.com/mattn/go-tty v0.0.4-0.20201120140209-72ed86c4554d/go.mod h1:+0QBZrHExAnq8s9KMEZErKk7qTDOyCmOmXxHBLO8M2o=
github.com/mattn/go-tty v0.0.4 h1:NVikla9X8MN0SQAqCYzpGyXv0jY7MNl3HOWD2dkle7E=
github.com/mattn/go-tty v0.0.4/go.mod h1:u5GGXBtZU6RQoKV8gY5W6UhMudbR5vXnUe7j3pxse28=
github.com/mattn/msgbox v0.0.0-20170906002440-669fc0ad4d51 h1:mwbFlx48BwWB/EhRYMF2ddfFSPJKJt4whU89Oay+YYs=
github.com/mattn/msgbox v0.0.0-20170906002440-669fc0ad4d51/go.mod h1:yw034Lj7L3R1c5PK+5wgId2p8GOMqhqMwpkW/kQBOvo=
github.com/mitchellh/go-ps v1.0.0 h1:i6ampVEEF4wQFF+bkYfwYgY+F/uYJDktmvLPf7qIgjc=
github.com/mitchellh/go-ps v1.0.0/go.mod h1:J4lOc8z8yJs6vUwklHw2XEIiT4z4C40KtWVN3nvg8Pg=
github.com/nyaosorg/glua-ole v0.0.0-20210914102918-563689ba7584 h1:08rQaEmVj9lQFEd6TqkGnXlPqkjLIQHu4knpqlUSRG8=
github.com/nyaosorg/glua-ole v0.0.0-20210914102918-563689ba7584/go.mod h1:g0bEXRGlv+8WK5ZbNAP3bNwWYJV5qHMWUXRnzO6JcB8=
github.com/nyaosorg/go-box/v2 v2.1.3 h1:5IWECXcRGtP7g9vcVhhDrfaMbH57Q5p5RzWFTi0XaGs=
github.com/nyaosorg/go-box/v2 v2.1.3/go.mod h1:6kjrp9YI//sSkuvbMI0nHntPVXIDOztGNvXNQMUo+eA=
github.com/nyaosorg/go-inline-animation v0.0.0-20210914120526-6dd4b5eefd20 h1:16XkjcdkjWTJX3jfFiP987ougN3RrK7oNr+rvau5INs=
github.com/nyaosorg/go-inline-animation v0.0.0-20210914120526-6dd4b5eefd20/go.mod h1:r8i5fNh8CgCesa7wGRY1y9SNqSDpEyDIiRwNKtK0Sdc=
github.com/nyaosorg/go-readline-ny v0.8.3-0.20220813072737-119254bdbcd7 h1:wFRtHhC+o44F/WrieCdrjCGDTBIQQasAVXpX4Jj3s/k=
github.com/nyaosorg/go-readline-ny v0.8.3-0.20220813072737-119254bdbcd7/go.mod h1:aoTnObwqS04NL0T9zwUvIO8h7v8fcKawdzJXRnV97T4=
github.com/nyaosorg/go-windows-commandline v0.0.0-20210914103131-4bd0300aa022 h1:4WxrzYVJcE2jPDRFs8qXrhPLDt9Bm78WiTm6bTt2xZc=
github.com/nyaosorg/go-windows-commandline v0.0.0-20210914103131-4bd0300aa022/go.mod h1:htF2oC1Ezpvaew+/cyJKex559A2TA86svovywkVN4ss=
github.com/nyaosorg/go-windows-consoleicon v0.0.0-20220221183117-826f40ae390b h1:lqJjHpjXwfKC+N9EgLhGoYwuFHOXEyXcjotgq2hq8Qk=
github.com/nyaosorg/go-windows-consoleicon v0.0.0-20220221183117-826f40ae390b/go.mod h1:4LfCXQBErqxzunYq+1MRpePh6On3RFDzfUatd64eInA=
github.com/nyaosorg/go-windows-findfile v0.0.0-20220829145728-e979453bedae h1:v5wOJErerKLsnW2NzYEBzW7DHaOOAkjFxjceuzQGL84=
github.com/nyaosorg/go-windows-findfile v0.0.0-20220829145728-e979453bedae/go.mod h1:FyGAaz0B1idJA1cuP6Ydx3LgSnnwR9RHvCPp1JT84N4=
github.com/nyaosorg/go-windows-junction v0.1.0 h1:Hf5G65zAyhnUjyKexucS+KAAPZXtie7DPOn6IBGsOU8=
github.com/nyaosorg/go-windows-junction v0.1.0/go.mod h1:mSQE2VnZxBCeDhRgMunrvIqO2MrtFpEvmfivbIdIVvs=
github.com/nyaosorg/go-windows-mbcs v0.0.0-20220625075624-7e48d6c9b323 h1:PeTubCi/OPZjb3aq3tIPvdaMXrkUXDLOLfXJRRDjsUc=
github.com/nyaosorg/go-windows-mbcs v0.0.0-20220625075624-7e48d6c9b323/go.mod h1:f3y7pRJkWtCxZhCtTiTCrGkB1z4bbRKhx+z7emCkQNU=
github.com/nyaosorg/go-windows-netresource v0.1.0 h1:PnqD0fE65HGTr/sVe5EQG8Wlgb7IRUxhy1eQ5YfyLzw=
github.com/nyaosorg/go-windows-netresource v0.1.0/go.mod h1:bgafgIk9EoJBey6Coc1k6jIiMQgVTyWSsD91qYjB06I=
github.com/nyaosorg/go-windows-shortcut v0.0.0-20220529122037-8b0c89bca4c4 h1:+3bXHpIl3RiBuPKlqeCZZeShGHC9RFhR/P2OJfOLRyA=
github.com/nyaosorg/go-windows-shortcut v0.0.0-20220529122037-8b0c89bca4c4/go.mod h1:9YR30vCq/4djj0WO7AvLm48YvNs7M094LWRieEFDE4A=
github.com/nyaosorg/go-windows-su v0.2.1 h1:5V0XavLyjOqPUp7psxxCvBISaneU4XmFPSMlejSl5sc=
github.com/nyaosorg/go-windows-su v0.2.1/go.mod h1:fWKxSCXwGuDuW6ne0kLp/Cj0joXNDDw01G3LseQJYS0=
github.com/nyaosorg/go-windows-subst v0.0.0-20210914104023-206be1973409 h1:9bnZqnysCt4/Wi+esO9RBUYxvlP5q8owtn4zxJZkhhk=
github.com/nyaosorg/go-windows-subst v0.0.0-20210914104023-206be1973409/go.mod h1:Al0gyPUNjaHHb7BJ3tJQCgL4x6o6s5x3kITGR967ij0=
github.com/pmezard/go-difflib v1.0.0/go.mod h1:iKH77koFhYxTK1pcRnkKkqfTogsbg7gZNVY4sRDYZ/4=
github.com/rivo/uniseg v0.1.0/go.mod h1:J6wj4VEh+S6ZtnVlnTBMWIodfgj8LQOQFoIToxlJtxc=
github.com/rivo/uniseg v0.2.0/go.mod h1:J6wj4VEh+S6ZtnVlnTBMWIodfgj8LQOQFoIToxlJtxc=
github.com/rivo/uniseg v0.3.4 h1:3Z3Eu6FGHZWSfNKJTOUiPatWwfc7DzJRU04jFUqJODw=
github.com/rivo/uniseg v0.3.4/go.mod h1:FN3SvrM+Zdj16jyLfmOkMNblXMcoc8DfTHruCPUcx88=
github.com/sirupsen/logrus v1.7.0/go.mod h1:yWOB1SBYBC5VeMP7gHvWumXLIWorT60ONWic61uBYv0=
github.com/stretchr/testify v1.2.2/go.mod h1:a8OnRcib4nhh0OaRAV+Yts87kKdq0PP7pXfy6kDkUVs=
github.com/yuin/gopher-lua v0.0.0-20200816102855-ee81675732da/go.mod h1:E1AXubJBdNmFERAOucpDIxNzeGfLzg0mYh+UfMWdChA=
github.com/yuin/gopher-lua v0.0.0-20220504180219-658193537a64 h1:5mLPGnFdSsevFRFc9q3yYbBkB6tsm4aCwwQV/j1JQAQ=
github.com/yuin/gopher-lua v0.0.0-20220504180219-658193537a64/go.mod h1:GBR0iDaNXjAgGg9zfCvksxSRnQx76gclCIb7kdAd1Pw=
golang.org/x/sync v0.0.0-20190911185100-cd5d95a43a6e/go.mod h1:RxMgew5VJxzue5/jJTE5uejpjVlOe/izrB70Jof72aM=
golang.org/x/sys v0.0.0-20190204203706-41f3e6584952/go.mod h1:STP8DvDyc/dI5b8T5hshtkjS+E42TnysNCUPdjciGhY=
golang.org/x/sys v0.0.0-20190222072716-a9d3bda3a223/go.mod h1:STP8DvDyc/dI5b8T5hshtkjS+E42TnysNCUPdjciGhY=
golang.org/x/sys v0.0.0-20190916202348-b4ddaad3f8a3/go.mod h1:h1NjWce9XRLGQEsW7wpKNCjG9DtNlClVuFLEZdDNbEs=
golang.org/x/sys v0.0.0-20191008105621-543471e840be/go.mod h1:h1NjWce9XRLGQEsW7wpKNCjG9DtNlClVuFLEZdDNbEs=
golang.org/x/sys v0.0.0-20191026070338-33540a1f6037/go.mod h1:h1NjWce9XRLGQEsW7wpKNCjG9DtNlClVuFLEZdDNbEs=
golang.org/x/sys v0.0.0-20191120155948-bd437916bb0e/go.mod h1:h1NjWce9XRLGQEsW7wpKNCjG9DtNlClVuFLEZdDNbEs=
golang.org/x/sys v0.0.0-20200116001909-b77594299b42/go.mod h1:h1NjWce9XRLGQEsW7wpKNCjG9DtNlClVuFLEZdDNbEs=
golang.org/x/sys v0.0.0-20201218084310-7d0127a74742/go.mod h1:h1NjWce9XRLGQEsW7wpKNCjG9DtNlClVuFLEZdDNbEs=
golang.org/x/sys v0.0.0-20210124154548-22da62e12c0c/go.mod h1:h1NjWce9XRLGQEsW7wpKNCjG9DtNlClVuFLEZdDNbEs=
golang.org/x/sys v0.0.0-20210309074719-68d13333faf2/go.mod h1:h1NjWce9XRLGQEsW7wpKNCjG9DtNlClVuFLEZdDNbEs=
golang.org/x/sys v0.0.0-20210403161142-5e06dd20ab57/go.mod h1:h1NjWce9XRLGQEsW7wpKNCjG9DtNlClVuFLEZdDNbEs=
golang.org/x/sys v0.0.0-20220811171246-fbc7d0a398ab/go.mod h1:oPkhp1MJrh7nUepCBck5+mAzfO9JrbApNNgaTdGDITg=
golang.org/x/sys v0.0.0-20220825204002-c680a09ffe64 h1:UiNENfZ8gDvpiWw7IpOMQ27spWmThO1RwwdQVbJahJM=
golang.org/x/sys v0.0.0-20220825204002-c680a09ffe64/go.mod h1:oPkhp1MJrh7nUepCBck5+mAzfO9JrbApNNgaTdGDITg=
