github.com/BixData/gluabit32 v0.0.0-20171213231653-fa1820b42f4b h1:dOA7do0F6JfjM+LC7mrtcDhsg7z8hQ877JzUhWrTTJc=
github.com/BixData/gluabit32 v0.0.0-20171213231653-fa1820b42f4b/go.mod h1:x3omb/t8px6dQX56PBRGqfK80s/O0Y/fEc64f1VJuSY=
github.com/Microsoft/go-winio v0.4.12 h1:xAfWHN1IrQ0NJ9TBC0KBZoqLjzDTr1ML+4MywiUOryc=
github.com/Microsoft/go-winio v0.4.12/go.mod h1:VhR8bwka0BXejwEJY73c50VrPtXAaKcyvVC4A4RozmA=
github.com/atotto/clipboard v0.1.2 h1:YZCtFu5Ie8qX2VmVTBnrqLSiU9XOWwqNRmdT3gIQzbY=
github.com/atotto/clipboard v0.1.2/go.mod h1:ZY9tmq7sm5xIbd9bOK4onWV4S6X0u6GY7Vn0Yu86PYI=
github.com/chzyer/logex v1.1.10/go.mod h1:+Ywpsq7O8HXn0nuIou7OrIPyXbp3wmkHB+jjWRnGsAI=
github.com/chzyer/readline v0.0.0-20180603132655-2972be24d48e/go.mod h1:nSuG5e5PlCu98SY8svDHJxuZscDgtXS6KTTbou5AhLI=
github.com/chzyer/test v0.0.0-20180213035817-a1ea475d72b1/go.mod h1:Q3SI9o4m/ZMnBNeIyt5eFwwo7qiLfzFZmjNmxjkiQlU=
github.com/davecgh/go-spew v1.1.0 h1:ZDRjVQ15GmhC3fiQ8ni8+OwkZQO4DARzQgrnXU1Liz8=
github.com/davecgh/go-spew v1.1.0/go.mod h1:J7Y8YcW2NihsgmVo/mv3lAwl/skON4iLHjSsI+c5H38=
github.com/davecgh/go-spew v1.1.1 h1:vj9j/u1bqnvCEfJOwUhtlOARqs3+rkHYY13jYWTU97c=
github.com/davecgh/go-spew v1.1.1/go.mod h1:J7Y8YcW2NihsgmVo/mv3lAwl/skON4iLHjSsI+c5H38=
github.com/dustin/go-humanize v1.0.0 h1:VSnTsYCnlFHaM2/igO1h6X3HA71jcobQuxemgkq4zYo=
github.com/dustin/go-humanize v1.0.0/go.mod h1:HtrtbFcZ19U5GC7JDqmcUSB87Iq5E25KnS6fMYU6eOk=
github.com/go-ole/go-ole v1.2.4 h1:nNBDSCOigTSiarFpYE9J/KtEA1IOW4CNeqT9TQDqCxI=
github.com/go-ole/go-ole v1.2.4/go.mod h1:XCwSNxSkXRo4vlyPy93sltvi/qJq0jqQhjqQNIwKuxM=
github.com/mattn/go-colorable v0.1.1 h1:G1f5SKeVxmagw/IyvzvtZE4Gybcc4Tr1tf7I8z0XgOg=
github.com/mattn/go-colorable v0.1.1/go.mod h1:FuOcm+DKB9mbwrcAfNl7/TZVBZ6rcnceauSikq3lYCQ=
github.com/mattn/go-isatty v0.0.5/go.mod h1:Iq45c/XA43vh69/j3iqttzPXn0bhXyGjM0Hdxcsrc5s=
github.com/mattn/go-isatty v0.0.7 h1:UvyT9uN+3r7yLEYSlJsbQGdsaB/a0DlgWP3pql6iwOc=
github.com/mattn/go-isatty v0.0.7/go.mod h1:Iq45c/XA43vh69/j3iqttzPXn0bhXyGjM0Hdxcsrc5s=
github.com/mattn/go-runewidth v0.0.4 h1:2BvfKmzob6Bmd4YsL0zygOqfdFnK7GR4QL06Do4/p7Y=
github.com/mattn/go-runewidth v0.0.4/go.mod h1:LwmH8dsx7+W8Uxz3IHJYH5QSwggIsqBzpuz5H//U1FU=
github.com/mattn/go-tty v0.0.0-20190322114730-5518497423d1 h1:VRq8MIkqXRI9aytxCxOTDiQorwXRt8vlSOapwx8Ubys=
github.com/mattn/go-tty v0.0.0-20190322114730-5518497423d1/go.mod h1:XPvLUNfbS4fJH25nqRHfWLMa1ONC8Amw+mIA639KxkE=
github.com/mattn/go-tty v0.0.0-20190330125216-f5599460cf42 h1:2NRj49cvJx8uUE4ouZEoTvu29uVSQ2AClX34adUH/zA=
github.com/mattn/go-tty v0.0.0-20190330125216-f5599460cf42/go.mod h1:XPvLUNfbS4fJH25nqRHfWLMa1ONC8Amw+mIA639KxkE=
github.com/mattn/go-tty v0.0.0-20190402035014-76a2065f1a95 h1:zyW7ieMaS0tXk1KgXxFgQ+HAMmxYpwe7MiAzE4C/rkE=
github.com/mattn/go-tty v0.0.0-20190402035014-76a2065f1a95/go.mod h1:XPvLUNfbS4fJH25nqRHfWLMa1ONC8Amw+mIA639KxkE=
github.com/mattn/msgbox v0.0.0-20170906002440-669fc0ad4d51 h1:mwbFlx48BwWB/EhRYMF2ddfFSPJKJt4whU89Oay+YYs=
github.com/mattn/msgbox v0.0.0-20170906002440-669fc0ad4d51/go.mod h1:yw034Lj7L3R1c5PK+5wgId2p8GOMqhqMwpkW/kQBOvo=
github.com/mitchellh/go-ps v0.0.0-20170309133038-4fdf99ab2936 h1:kw1v0NlnN+GZcU8Ma8CLF2Zzgjfx95gs3/GN3vYAPpo=
github.com/mitchellh/go-ps v0.0.0-20170309133038-4fdf99ab2936/go.mod h1:r1VsdOzOPt1ZSrGZWFoNhsAedKnEd6r9Np1+5blZCWk=
github.com/pmezard/go-difflib v1.0.0 h1:4DBwDE0NGyQoBHbLQYPwSUPoCMWR5BEzIk/f1lZbAQM=
github.com/pmezard/go-difflib v1.0.0/go.mod h1:iKH77koFhYxTK1pcRnkKkqfTogsbg7gZNVY4sRDYZ/4=
github.com/stretchr/objx v0.1.0/go.mod h1:HFkY916IF+rwdDfMAkV7OtwuqBVzrE8GR6GFx+wExME=
github.com/stretchr/objx v0.1.1/go.mod h1:HFkY916IF+rwdDfMAkV7OtwuqBVzrE8GR6GFx+wExME=
github.com/stretchr/testify v1.3.0 h1:TivCn/peBQ7UY8ooIcPgZFpTNSz0Q2U6UrFlUfqbe0Q=
github.com/stretchr/testify v1.3.0/go.mod h1:M5WIy9Dh21IEIfnGCwXGc5bZfKNJtfHm1UVUgZn+9EI=
github.com/tidwall/transform v0.0.0-20170512230743-9b12a70c77d3 h1:uXZlvhDoptL/rIycjNb7DqpXc8nMVuKkP0/STqphrzU=
github.com/tidwall/transform v0.0.0-20170512230743-9b12a70c77d3/go.mod h1:MvrEmduDUz4ST5pGZ7CABCnOU5f3ZiOAZzT6b1A6nX8=
github.com/yuin/gopher-lua v0.0.0-20190206043414-8bfc7677f583 h1:SZPG5w7Qxq7bMcMVl6e3Ht2X7f+AAGQdzjkbyOnNNZ8=
github.com/yuin/gopher-lua v0.0.0-20190206043414-8bfc7677f583/go.mod h1:gqRgreBUhTSL0GeU64rtZ3Uq3wtjOa/TB2YfrtkCbVQ=
github.com/zetamatta/glua-ole v0.0.0-20190220022351-75e104a4933c h1:r9UpTInry+YwbwhQ6JFwYiFQMTXuwlWu3mKHQxDtiBM=
github.com/zetamatta/glua-ole v0.0.0-20190220022351-75e104a4933c/go.mod h1:0C0I/UCXREnt1Pm8ONsoZMht/s9aTzLr9fcd57yIsls=
github.com/zetamatta/go-box/v2 v2.0.3 h1:lUvEIbnLb9/SKF1j+ci91pjKD8XpLU12C2LvPMvEhjM=
github.com/zetamatta/go-box/v2 v2.0.3/go.mod h1:lp22FglV7+xXQ11S7SV913YrBB0xhQNUlPg3f6UlIUw=
github.com/zetamatta/go-findfile v0.0.0-20190228141917-8394705d2bab h1:IAbt9u76S8PWbx0lO42vIeeJ2iaUGU1dKCJt2ASri4Q=
github.com/zetamatta/go-findfile v0.0.0-20190228141917-8394705d2bab/go.mod h1:uXs4YM21qjgpxOrPBbO/9IVZBG4L72DOZHeuKZdrm1s=
github.com/zetamatta/go-texts v1.0.0/go.mod h1:O9zzMOmj7Ug2ZK6PrIX0blac2V5/0xrjqhq4yzvJTsY=
github.com/zetamatta/go-texts v1.0.1 h1:TdLhskYFx3BnE5f52XfbHPAMiGZjlbBKgNKY6TlRYfc=
github.com/zetamatta/go-texts v1.0.1/go.mod h1:O9zzMOmj7Ug2ZK6PrIX0blac2V5/0xrjqhq4yzvJTsY=
github.com/zetamatta/go-texts/mbcs v0.0.0-20190203090026-c78cd0bc5aab h1:HSqU95qOOZxV1t9pZw6jiG+bvNbDssNIRXJEl0iv2cg=
github.com/zetamatta/go-texts/mbcs v0.0.0-20190203090026-c78cd0bc5aab/go.mod h1:6F5d7H+8arzFAg018o96dqhBxbnwG69z3yQVkg+MS+0=
golang.org/x/sys v0.0.0-20190203050204-7ae0202eb74c/go.mod h1:STP8DvDyc/dI5b8T5hshtkjS+E42TnysNCUPdjciGhY=
golang.org/x/sys v0.0.0-20190204203706-41f3e6584952/go.mod h1:STP8DvDyc/dI5b8T5hshtkjS+E42TnysNCUPdjciGhY=
golang.org/x/sys v0.0.0-20190222072716-a9d3bda3a223/go.mod h1:STP8DvDyc/dI5b8T5hshtkjS+E42TnysNCUPdjciGhY=
golang.org/x/sys v0.0.0-20190329044733-9eb1bfa1ce65 h1:hOY+O8MxdkPV10pNf7/XEHaySCiPKxixMKUshfHsGn0=
golang.org/x/sys v0.0.0-20190329044733-9eb1bfa1ce65/go.mod h1:h1NjWce9XRLGQEsW7wpKNCjG9DtNlClVuFLEZdDNbEs=
golang.org/x/sys v0.0.0-20190403152447-81d4e9dc473e h1:nFYrTHrdrAOpShe27kaFHjsqYSEQ0KWqdWLu3xuZJts=
golang.org/x/sys v0.0.0-20190403152447-81d4e9dc473e/go.mod h1:h1NjWce9XRLGQEsW7wpKNCjG9DtNlClVuFLEZdDNbEs=
golang.org/x/text v0.3.0 h1:g61tztE5qeGQ89tm6NTjjM9VPIm088od1l6aSorWRWg=
golang.org/x/text v0.3.0/go.mod h1:NqM8EUOU14njkJ3fqMW+pc6Ldnwhi/IjpwHt7yyuwOQ=
