github.com/Microsoft/go-winio v0.4.16 h1:FtSW/jqD+l4ba5iPBj9CODVtgfYAD8w2wS923g/cFDk=
github.com/Microsoft/go-winio v0.4.16/go.mod h1:XB6nPKklQyQ7GC9LdcBEcBl8PF76WugXOPRXwdLnMv0=
github.com/akavel/rsrc v0.8.0/go.mod h1:uLoCtb9J+EyAqh+26kdrTgmzRBFPGOolLWKpdxkKq+c=
github.com/akavel/rsrc v0.10.1 h1:hCCPImjmFKVNGpeLZyTDRHEFC283DzyTXTo0cO0Rq9o=
github.com/akavel/rsrc v0.10.1/go.mod h1:uLoCtb9J+EyAqh+26kdrTgmzRBFPGOolLWKpdxkKq+c=
github.com/atotto/clipboard v0.1.2/go.mod h1:ZY9tmq7sm5xIbd9bOK4onWV4S6X0u6GY7Vn0Yu86PYI=
github.com/atotto/clipboard v0.1.4 h1:EH0zSVneZPSuFR11BlR9YppQTVDbh5+16AmcJi4g1z4=
github.com/atotto/clipboard v0.1.4/go.mod h1:ZY9tmq7sm5xIbd9bOK4onWV4S6X0u6GY7Vn0Yu86PYI=
github.com/chzyer/logex v1.1.10/go.mod h1:+Ywpsq7O8HXn0nuIou7OrIPyXbp3wmkHB+jjWRnGsAI=
github.com/chzyer/readline v0.0.0-20180603132655-2972be24d48e/go.mod h1:nSuG5e5PlCu98SY8svDHJxuZscDgtXS6KTTbou5AhLI=
github.com/chzyer/test v0.0.0-20180213035817-a1ea475d72b1/go.mod h1:Q3SI9o4m/ZMnBNeIyt5eFwwo7qiLfzFZmjNmxjkiQlU=
github.com/creack/pty v1.1.9/go.mod h1:oKZEueFk5CKHvIhNR5MUki03XCEU+Q6VDXinZuGJ33E=
github.com/davecgh/go-spew v1.1.0/go.mod h1:J7Y8YcW2NihsgmVo/mv3lAwl/skON4iLHjSsI+c5H38=
github.com/davecgh/go-spew v1.1.1 h1:vj9j/u1bqnvCEfJOwUhtlOARqs3+rkHYY13jYWTU97c=
github.com/davecgh/go-spew v1.1.1/go.mod h1:J7Y8YcW2NihsgmVo/mv3lAwl/skON4iLHjSsI+c5H38=
github.com/dustin/go-humanize v1.0.0 h1:VSnTsYCnlFHaM2/igO1h6X3HA71jcobQuxemgkq4zYo=
github.com/dustin/go-humanize v1.0.0/go.mod h1:HtrtbFcZ19U5GC7JDqmcUSB87Iq5E25KnS6fMYU6eOk=
github.com/go-ole/go-ole v1.2.5 h1:t4MGB5xEDZvXI+0rMjjsfBsD7yAgp/s9ZDkL1JndXwY=
github.com/go-ole/go-ole v1.2.5/go.mod h1:pprOEPIfldk/42T2oK7lQ4v4JSDwmV0As9GaiUsvbm0=
github.com/google/uuid v1.1.2 h1:EVhdT+1Kseyi1/pUmXKaFxYsDNy9RQYkMWRH68J/W7Y=
github.com/google/uuid v1.1.2/go.mod h1:TIyPZe4MgqvfeYDBFedMoGGpEw/LqOeaOT+nhxU+yHo=
github.com/josephspurrier/goversioninfo v1.2.0 h1:tpLHXAxLHKHg/dCU2AAYx08A4m+v9/CWg6+WUvTF4uQ=
github.com/josephspurrier/goversioninfo v1.2.0/go.mod h1:AGP2a+Y/OVJZ+s6XM4IwFUpkETwvn0orYurY8qpw1+0=
github.com/konsorten/go-windows-terminal-sequences v1.0.1/go.mod h1:T0+1ngSBFLxvqU3pZ+m/2kptfBszLMUkC4ZK/EgS/cQ=
github.com/kr/pretty v0.2.1 h1:Fmg33tUaq4/8ym9TJN1x7sLJnHVwhP33CNkpYV/7rwI=
github.com/kr/pretty v0.2.1/go.mod h1:ipq/a2n7PKx3OHsz4KJII5eveXtPO4qwEXGdVfWzfnI=
github.com/kr/pty v1.1.1/go.mod h1:pFQYn66WHrOpPYNljwOMqo10TkYh1fy3cYio2l3bCsQ=
github.com/kr/text v0.1.0/go.mod h1:4Jbv+DJW3UT/LiOwJeYQe1efqtUx/iVham/4vfdArNI=
github.com/kr/text v0.2.0 h1:5Nx0Ya0ZqY2ygV366QzturHI13Jq95ApcVaJBhpS+AY=
github.com/kr/text v0.2.0/go.mod h1:eLer722TekiGuMkidMxC/pM04lWEeraHUUmBw8l2grE=
github.com/mattn/go-colorable v0.1.4/go.mod h1:U0ppj6V5qS13XJ6of8GYAs25YV2eR4EVcfRqFIhoBtE=
github.com/mattn/go-colorable v0.1.8 h1:c1ghPdyEDarC70ftn0y+A/Ee++9zz8ljHG1b13eJ0s8=
github.com/mattn/go-colorable v0.1.8/go.mod h1:u6P/XSegPjTcexA+o6vUJrdnUu04hMope9wVRipJSqc=
github.com/mattn/go-isatty v0.0.8/go.mod h1:Iq45c/XA43vh69/j3iqttzPXn0bhXyGjM0Hdxcsrc5s=
github.com/mattn/go-isatty v0.0.10/go.mod h1:qgIWMr58cqv1PHHyhnkY9lrL7etaEgOFcMEpPG5Rm84=
github.com/mattn/go-isatty v0.0.12 h1:wuysRhFDzyxgEmMf5xjvJ2M9dZoWAXNNr5LSBS7uHXY=
github.com/mattn/go-isatty v0.0.12/go.mod h1:cbi8OIDigv2wuxKPP5vlRcQ1OAZbq2CE4Kysco4FUpU=
github.com/mattn/go-runewidth v0.0.7/go.mod h1:H031xJmbD/WCDINGzjvQ9THkh0rPKHF+m2gUSrubnMI=
github.com/mattn/go-runewidth v0.0.9/go.mod h1:H031xJmbD/WCDINGzjvQ9THkh0rPKHF+m2gUSrubnMI=
github.com/mattn/go-runewidth v0.0.10 h1:CoZ3S2P7pvtP45xOtBw+/mDL2z0RKI576gSkzRRpdGg=
github.com/mattn/go-runewidth v0.0.10/go.mod h1:RAqKPSqVFrSLVXbA8x7dzmKdmGzieGRCM46jaSJTDAk=
github.com/mattn/go-tty v0.0.4-0.20201120140209-72ed86c4554d h1:JZrMI9SDEblDXV8dcUrM7bEW5wouqPYZiug7En4WIS4=
github.com/mattn/go-tty v0.0.4-0.20201120140209-72ed86c4554d/go.mod h1:+0QBZrHExAnq8s9KMEZErKk7qTDOyCmOmXxHBLO8M2o=
github.com/mattn/msgbox v0.0.0-20170906002440-669fc0ad4d51 h1:mwbFlx48BwWB/EhRYMF2ddfFSPJKJt4whU89Oay+YYs=
github.com/mattn/msgbox v0.0.0-20170906002440-669fc0ad4d51/go.mod h1:yw034Lj7L3R1c5PK+5wgId2p8GOMqhqMwpkW/kQBOvo=
github.com/mitchellh/go-ps v1.0.0 h1:i6ampVEEF4wQFF+bkYfwYgY+F/uYJDktmvLPf7qIgjc=
github.com/mitchellh/go-ps v1.0.0/go.mod h1:J4lOc8z8yJs6vUwklHw2XEIiT4z4C40KtWVN3nvg8Pg=
github.com/pkg/errors v0.9.1/go.mod h1:bwawxfHBFNV+L2hUp1rHADufV3IMtnDRdf1r5NINEl0=
github.com/pmezard/go-difflib v1.0.0 h1:4DBwDE0NGyQoBHbLQYPwSUPoCMWR5BEzIk/f1lZbAQM=
github.com/pmezard/go-difflib v1.0.0/go.mod h1:iKH77koFhYxTK1pcRnkKkqfTogsbg7gZNVY4sRDYZ/4=
github.com/rivo/uniseg v0.1.0/go.mod h1:J6wj4VEh+S6ZtnVlnTBMWIodfgj8LQOQFoIToxlJtxc=
github.com/rivo/uniseg v0.2.0 h1:S1pD9weZBuJdFmowNwbpi7BJ8TNftyUImj/0WQi72jY=
github.com/rivo/uniseg v0.2.0/go.mod h1:J6wj4VEh+S6ZtnVlnTBMWIodfgj8LQOQFoIToxlJtxc=
github.com/sirupsen/logrus v1.4.1/go.mod h1:ni0Sbl8bgC9z8RoU9G6nDWqqs/fq4eDPysMBDgk/93Q=
github.com/stretchr/objx v0.1.0/go.mod h1:HFkY916IF+rwdDfMAkV7OtwuqBVzrE8GR6GFx+wExME=
github.com/stretchr/objx v0.1.1/go.mod h1:HFkY916IF+rwdDfMAkV7OtwuqBVzrE8GR6GFx+wExME=
github.com/stretchr/testify v1.2.2/go.mod h1:a8OnRcib4nhh0OaRAV+Yts87kKdq0PP7pXfy6kDkUVs=
github.com/stretchr/testify v1.6.1 h1:hDPOHmpOpP40lSULcqw7IrRb/u7w6RpDC9399XyoNd0=
github.com/stretchr/testify v1.6.1/go.mod h1:6Fq8oRcR53rry900zMqJjRRixrwX3KX962/h/Wwjteg=
github.com/tidwall/transform v0.0.0-20170512230743-9b12a70c77d3/go.mod h1:MvrEmduDUz4ST5pGZ7CABCnOU5f3ZiOAZzT6b1A6nX8=
github.com/tidwall/transform v0.0.0-20201103190739-32f242e2dbde h1:AMNpJRc7P+GTwVbl8DkK2I9I8BBUzNiHuH/tlxrpan0=
github.com/tidwall/transform v0.0.0-20201103190739-32f242e2dbde/go.mod h1:MvrEmduDUz4ST5pGZ7CABCnOU5f3ZiOAZzT6b1A6nX8=
github.com/yuin/gopher-lua v0.0.0-20200816102855-ee81675732da h1:NimzV1aGyq29m5ukMK0AMWEhFaL/lrEOaephfuoiARg=
github.com/yuin/gopher-lua v0.0.0-20200816102855-ee81675732da/go.mod h1:E1AXubJBdNmFERAOucpDIxNzeGfLzg0mYh+UfMWdChA=
github.com/zetamatta/glua-ole v0.0.0-20190220022351-75e104a4933c h1:r9UpTInry+YwbwhQ6JFwYiFQMTXuwlWu3mKHQxDtiBM=
github.com/zetamatta/glua-ole v0.0.0-20190220022351-75e104a4933c/go.mod h1:0C0I/UCXREnt1Pm8ONsoZMht/s9aTzLr9fcd57yIsls=
github.com/zetamatta/go-box/v2 v2.0.8 h1:natSt3HKiicWOuf1oR8wW2H9+U0ZFuXCoUXPRpPo3bc=
github.com/zetamatta/go-box/v2 v2.0.8/go.mod h1:IX5sBRWItgkG9VRsT2IhbnJjA3bSt2B3RL2yG0/wWBQ=
github.com/zetamatta/go-findfile v0.0.0-20201218175335-310ba9190341 h1:+909lH9JnpFkjC6mbTfSkfzELdHscniUm3JwBbwE7YQ=
github.com/zetamatta/go-findfile v0.0.0-20201218175335-310ba9190341/go.mod h1:AQ8WFEcO67SfKYGUZlT77HVJ6n+ZSKFLLBIwdOTmzm0=
github.com/zetamatta/go-inline-animation v0.0.0-20190601165454-6648860353dc h1:n50N7PRFw06uZq3KBYye4wq/t860QEQQXNJVWppdOgc=
github.com/zetamatta/go-inline-animation v0.0.0-20190601165454-6648860353dc/go.mod h1:zyNzCk8IbCms8BVBd61LTid6jNslzC4ral0Wi7q+BdU=
github.com/zetamatta/go-readline-ny v0.4.9 h1:hDil6yOvA9VZkGCFD/XUi5uXvc6yMOxJ8VkSiyKdD10=
github.com/zetamatta/go-readline-ny v0.4.9/go.mod h1:6G3jMhq6ydHG7Yis1cmMqzWzth+0nKpqWiXKQtchB/U=
github.com/zetamatta/go-texts v1.0.0/go.mod h1:O9zzMOmj7Ug2ZK6PrIX0blac2V5/0xrjqhq4yzvJTsY=
github.com/zetamatta/go-texts v1.0.1 h1:TdLhskYFx3BnE5f52XfbHPAMiGZjlbBKgNKY6TlRYfc=
github.com/zetamatta/go-texts v1.0.1/go.mod h1:O9zzMOmj7Ug2ZK6PrIX0blac2V5/0xrjqhq4yzvJTsY=
github.com/zetamatta/go-texts/mbcs v0.0.0-20190203090026-c78cd0bc5aab h1:HSqU95qOOZxV1t9pZw6jiG+bvNbDssNIRXJEl0iv2cg=
github.com/zetamatta/go-texts/mbcs v0.0.0-20190203090026-c78cd0bc5aab/go.mod h1:6F5d7H+8arzFAg018o96dqhBxbnwG69z3yQVkg+MS+0=
github.com/zetamatta/go-windows-consoleicon v0.0.0-20200130064042-7fa97dd4a5cf h1:bm1E5aNg05yjXojl7h7HIybtPUlzZ6v5KKIZqPTjmCw=
github.com/zetamatta/go-windows-consoleicon v0.0.0-20200130064042-7fa97dd4a5cf/go.mod h1:H9lSm59TPbbdGAjEkYzqkVZM86GAXljktexMjsbZS+Y=
github.com/zetamatta/go-windows-junction v0.0.0-20200324093801-0af6bce363dc h1:wl3g2w4/zcybfI+tSVLef0SrKG7Xl23AUxhCPdeSek0=
github.com/zetamatta/go-windows-junction v0.0.0-20200324093801-0af6bce363dc/go.mod h1:Z9Oob8fSU9i1JvP5c+gaX957/ZKeqBdNuDI2XfEhuRU=
github.com/zetamatta/go-windows-netresource v0.0.0-20200329084136-43063a7e4cd2 h1:spfe6lLLnG2gNi053Gvhl14tQ4J56YKvZorH8Ml7NpI=
github.com/zetamatta/go-windows-netresource v0.0.0-20200329084136-43063a7e4cd2/go.mod h1:zcM57zYz2gjmxUmMZCbzex7+XgSPXm2/Rl2nrTUScMw=
github.com/zetamatta/go-windows-shortcut v0.0.0-20200826154755-11707f2ef14c h1:AF5xWROLzLP4Nco97nXs2SSU6fq3Y8SL5TXnXhkldKI=
github.com/zetamatta/go-windows-shortcut v0.0.0-20200826154755-11707f2ef14c/go.mod h1:buJWG/mCpNkeABgIeEaX6b+6qh3wBhioplFV6K6ZPo8=
github.com/zetamatta/go-windows-su v0.1.3 h1:voHOy5s8KnWY6Wtq2BsF+6kogClfIlovPHrV8yTFm1U=
github.com/zetamatta/go-windows-su v0.1.3/go.mod h1:4n9f0mFNFXFahrF27dl2PyawsOg5I+F7gbhXzop+SPc=
github.com/zetamatta/go-windows-subst v0.0.0-20200919123620-edca79a47a34 h1:NAMg+8eAh9stJ1MOa54mk/GQKdqvdlP2KadXlNN+8Ns=
github.com/zetamatta/go-windows-subst v0.0.0-20200919123620-edca79a47a34/go.mod h1:ZLHt7lS384NeG9Z+9JsvukLJIYgiMP+p9mXyCY+AsO0=
golang.org/x/sync v0.0.0-20190911185100-cd5d95a43a6e/go.mod h1:RxMgew5VJxzue5/jJTE5uejpjVlOe/izrB70Jof72aM=
golang.org/x/sys v0.0.0-20180905080454-ebe1bf3edb33/go.mod h1:STP8DvDyc/dI5b8T5hshtkjS+E42TnysNCUPdjciGhY=
golang.org/x/sys v0.0.0-20190203050204-7ae0202eb74c/go.mod h1:STP8DvDyc/dI5b8T5hshtkjS+E42TnysNCUPdjciGhY=
golang.org/x/sys v0.0.0-20190204203706-41f3e6584952/go.mod h1:STP8DvDyc/dI5b8T5hshtkjS+E42TnysNCUPdjciGhY=
golang.org/x/sys v0.0.0-20190222072716-a9d3bda3a223/go.mod h1:STP8DvDyc/dI5b8T5hshtkjS+E42TnysNCUPdjciGhY=
golang.org/x/sys v0.0.0-20190916202348-b4ddaad3f8a3/go.mod h1:h1NjWce9XRLGQEsW7wpKNCjG9DtNlClVuFLEZdDNbEs=
golang.org/x/sys v0.0.0-20191008105621-543471e840be/go.mod h1:h1NjWce9XRLGQEsW7wpKNCjG9DtNlClVuFLEZdDNbEs=
golang.org/x/sys v0.0.0-20191120155948-bd437916bb0e/go.mod h1:h1NjWce9XRLGQEsW7wpKNCjG9DtNlClVuFLEZdDNbEs=
golang.org/x/sys v0.0.0-20200116001909-b77594299b42/go.mod h1:h1NjWce9XRLGQEsW7wpKNCjG9DtNlClVuFLEZdDNbEs=
golang.org/x/sys v0.0.0-20200223170610-d5e6a3e2c0ae/go.mod h1:h1NjWce9XRLGQEsW7wpKNCjG9DtNlClVuFLEZdDNbEs=
golang.org/x/sys v0.0.0-20201218084310-7d0127a74742/go.mod h1:h1NjWce9XRLGQEsW7wpKNCjG9DtNlClVuFLEZdDNbEs=
golang.org/x/sys v0.0.0-20210124154548-22da62e12c0c/go.mod h1:h1NjWce9XRLGQEsW7wpKNCjG9DtNlClVuFLEZdDNbEs=
golang.org/x/sys v0.0.0-20210304203840-7b4935edff86 h1:TmVfeQsidiBAiZMvxnHWD63KxYBVCiFs+k/pWtzhllI=
golang.org/x/sys v0.0.0-20210304203840-7b4935edff86/go.mod h1:h1NjWce9XRLGQEsW7wpKNCjG9DtNlClVuFLEZdDNbEs=
golang.org/x/text v0.3.5 h1:i6eZZ+zk0SOf0xgBpEpPD18qWcJda6q1sxt3S0kzyUQ=
golang.org/x/text v0.3.5/go.mod h1:5Zoc/QRtKVWzQhOtBMvqHzDpF6irO9z98xDceosuGiQ=
golang.org/x/tools v0.0.0-20180917221912-90fa682c2a6e/go.mod h1:n7NCudcB/nEzxVGmLbDWY5pfWTLqBcC2KZ6jyYvM4mQ=
gopkg.in/check.v1 v0.0.0-20161208181325-20d25e280405/go.mod h1:Co6ibVJAznAaIkqp8huTwlJQCZ016jof/cbN4VW5Yz0=
gopkg.in/check.v1 v1.0.0-20201130134442-10cb98267c6c h1:Hei/4ADfdWqJk1ZMxUNpqntNwaWcugrBjAiHlqqRiVk=
gopkg.in/check.v1 v1.0.0-20201130134442-10cb98267c6c/go.mod h1:JHkPIbrfpd72SG/EVd6muEfDQjcINNoR0C8j2r3qZ4Q=
gopkg.in/yaml.v3 v3.0.0-20200313102051-9f266ea9e77c/go.mod h1:K4uyk7z7BCEPqu6E+C64Yfv1cQ7kz7rIZviUmN+EgEM=
gopkg.in/yaml.v3 v3.0.0-20200615113413-eeeca48fe776 h1:tQIYjPdBoyREyB9XMu+nnTclpTYkz2zFM+lzLJFO4gQ=
gopkg.in/yaml.v3 v3.0.0-20200615113413-eeeca48fe776/go.mod h1:K4uyk7z7BCEPqu6E+C64Yfv1cQ7kz7rIZviUmN+EgEM=
